
Microsoft Visual Studio Solution File, Format Version 12.00
# Visual Studio Version 17
VisualStudioVersion = 17.8.34309.116
MinimumVisualStudioVersion = 10.0.40219.1
Project("{FAE04EC0-301F-11D3-BF4B-00C04F79EFBC}") = "SelfRepositoryAsp", "SelfRepositoryAsp\SelfRepositoryAsp.csproj", "{8FBF1BD1-D07A-4457-8A4A-67B3371CCE81}"
EndProject
Global
	GlobalSection(SolutionConfigurationPlatforms) = preSolution
		Debug|Any CPU = Debug|Any CPU
		Release|Any CPU = Release|Any CPU
	EndGlobalSection
	GlobalSection(ProjectConfigurationPlatforms) = postSolution
		{8FBF1BD1-D07A-4457-8A4A-67B3371CCE81}.Debug|Any CPU.ActiveCfg = Debug|Any CPU
		{8FBF1BD1-D07A-4457-8A4A-67B3371CCE81}.Debug|Any CPU.Build.0 = Debug|Any CPU
		{8FBF1BD1-D07A-4457-8A4A-67B3371CCE81}.Release|Any CPU.ActiveCfg = Release|Any CPU
		{8FBF1BD1-D07A-4457-8A4A-67B3371CCE81}.Release|Any CPU.Build.0 = Release|Any CPU
	EndGlobalSection
	GlobalSection(SolutionProperties) = preSolution
		HideSolutionNode = FALSE
	EndGlobalSection
	GlobalSection(ExtensibilityGlobals) = postSolution
		SolutionGuid = {6D17C7AA-1EC2-4327-9153-5479BDA9F7D3}
	EndGlobalSection
EndGlobal
